{
  "originHash" : "f22e450028b8087709c92cd26a482f0b780bbda05b472f4632acdec2883e6bff",
  "pins" : [
    {
      "identity" : "adhan-swift",
      "kind" : "remoteSourceControl",
      "location" : "https://github.com/batoulapps/adhan-swift.git",
      "state" : {
        "revision" : "6dc8309951fdaa0cd124c52b9a8de7e0da1ff2ce",
        "version" : "1.4.0"
      }
    },
    {
      "identity" : "prayerkit",
      "kind" : "remoteSourceControl",
      "location" : "git@github.com:plxzy255/PrayerKit.git",
      "state" : {
        "branch" : "main",
        "revision" : "daeb6c95395dc8ed81915628ac878335d75307b4"
      }
    }
  ],
  "version" : 3
}
